
Microsoft Visual Studio Solution File, Format Version 12.00
# Visual Studio Version 17
VisualStudioVersion = 17.9.34728.123
MinimumVisualStudioVersion = 10.0.40219.1
Project("{00D1A9C2-B5F0-4AF3-8072-F6C62B433612}") = "ShopDB", "ShopDB\ShopDB.sqlproj", "{BE0241F3-C9C0-4BDC-B453-86DCC76BA0F9}"
EndProject
Project("{9A19103F-16F7-4668-BE54-9A1E7A4F7556}") = "DataAccess", "DataAccess\DataAccess.csproj", "{BC573EB0-D746-4BDF-9EAE-8D06FDCEC714}"
EndProject
Project("{FAE04EC0-301F-11D3-BF4B-00C04F79EFBC}") = "WebApplication1", "src\WebApplication1\WebApplication1.csproj", "{9ADC5431-002D-4725-A36E-41F96756C04A}"
EndProject
Global
	GlobalSection(SolutionConfigurationPlatforms) = preSolution
		Debug|Any CPU = Debug|Any CPU
		Release|Any CPU = Release|Any CPU
	EndGlobalSection
	GlobalSection(ProjectConfigurationPlatforms) = postSolution
		{BE0241F3-C9C0-4BDC-B453-86DCC76BA0F9}.Debug|Any CPU.ActiveCfg = Debug|Any CPU
		{BE0241F3-C9C0-4BDC-B453-86DCC76BA0F9}.Debug|Any CPU.Build.0 = Debug|Any CPU
		{BE0241F3-C9C0-4BDC-B453-86DCC76BA0F9}.Debug|Any CPU.Deploy.0 = Debug|Any CPU
		{BE0241F3-C9C0-4BDC-B453-86DCC76BA0F9}.Release|Any CPU.ActiveCfg = Release|Any CPU
		{BE0241F3-C9C0-4BDC-B453-86DCC76BA0F9}.Release|Any CPU.Build.0 = Release|Any CPU
		{BE0241F3-C9C0-4BDC-B453-86DCC76BA0F9}.Release|Any CPU.Deploy.0 = Release|Any CPU
		{BC573EB0-D746-4BDF-9EAE-8D06FDCEC714}.Debug|Any CPU.ActiveCfg = Debug|Any CPU
		{BC573EB0-D746-4BDF-9EAE-8D06FDCEC714}.Debug|Any CPU.Build.0 = Debug|Any CPU
		{BC573EB0-D746-4BDF-9EAE-8D06FDCEC714}.Release|Any CPU.ActiveCfg = Release|Any CPU
		{BC573EB0-D746-4BDF-9EAE-8D06FDCEC714}.Release|Any CPU.Build.0 = Release|Any CPU
		{9ADC5431-002D-4725-A36E-41F96756C04A}.Debug|Any CPU.ActiveCfg = Debug|Any CPU
		{9ADC5431-002D-4725-A36E-41F96756C04A}.Debug|Any CPU.Build.0 = Debug|Any CPU
		{9ADC5431-002D-4725-A36E-41F96756C04A}.Release|Any CPU.ActiveCfg = Release|Any CPU
		{9ADC5431-002D-4725-A36E-41F96756C04A}.Release|Any CPU.Build.0 = Release|Any CPU
	EndGlobalSection
	GlobalSection(SolutionProperties) = preSolution
		HideSolutionNode = FALSE
	EndGlobalSection
	GlobalSection(ExtensibilityGlobals) = postSolution
		SolutionGuid = {6E087EBC-C68D-4370-B683-E962AA0E2BF4}
	EndGlobalSection
EndGlobal
